// !$*UTF8*$!
{
	archiveVersion = 1;
	classes = {
	};
	objectVersion = 54;
	objects = {

/* Begin PBXBuildFile section */
		095BDD55174D645B62363C4E /* MatchSnapshot.swift in Sources */ = {isa = PBXBuildFile; fileRef = C7DD77FDF0A9C82C5FDB3CAB /* MatchSnapshot.swift */; };
		21B0F3E2EBC58D89143A2676 /* AnalyticsReporter.swift in Sources */ = {isa = PBXBuildFile; fileRef = 7FA94AF5003C300EE22256BC /* AnalyticsReporter.swift */; };
		275AF04DFA0A4F6C7AA653B0 /* SceneDelegate.swift in Sources */ = {isa = PBXBuildFile; fileRef = B70929413B6A4B2F0F4DB73D /* SceneDelegate.swift */; };
		2982F3D3A8B9D5A85864C0B2 /* APIClient.swift in Sources */ = {isa = PBXBuildFile; fileRef = 1D34D38FE0DF15F365A0B91C /* APIClient.swift */; };
		2FEAE51295E8FAD73DB1C156 /* YPadelNotificationService.appex in Embed Foundation Extensions */ = {isa = PBXBuildFile; fileRef = 81CF65D3C952EAEE4C98AACF /* YPadelNotificationService.appex */; settings = {ATTRIBUTES = (RemoveHeadersOnCopy, ); }; };
		360E5A39E040AF53F1BD0324 /* MatchSnapshot.swift in Sources */ = {isa = PBXBuildFile; fileRef = C7DD77FDF0A9C82C5FDB3CAB /* MatchSnapshot.swift */; };
		41B91B585A0425E3E403D705 /* BluetoothConnector.swift in Sources */ = {isa = PBXBuildFile; fileRef = 7659DDED10E6762CA9FE98D8 /* BluetoothConnector.swift */; };
		4C128A9B6D31B823DC887C67 /* YPadelWidget.swift in Sources */ = {isa = PBXBuildFile; fileRef = 3EE50388EDC031326557E2C8 /* YPadelWidget.swift */; };
		565AE16A424BBCBE3ACDE01F /* YPadelWidget.appex in Embed Foundation Extensions */ = {isa = PBXBuildFile; fileRef = FC4A4DD298B2C5E7FEF3A242 /* YPadelWidget.appex */; settings = {ATTRIBUTES = (RemoveHeadersOnCopy, ); }; };
		57FBB217EBEDD6620740FBE0 /* AppDelegate.swift in Sources */ = {isa = PBXBuildFile; fileRef = 1C50E6A6DA314F47CFDF8780 /* AppDelegate.swift */; };
		68CDD9F201F1313166366616 /* AppMetricaAdSupport in Frameworks */ = {isa = PBXBuildFile; productRef = F12FDD153E418EDC2609AB29 /* AppMetricaAdSupport */; };
		6A5AD2ABBE7E25B292ED2CD8 /* AppConfiguration.swift in Sources */ = {isa = PBXBuildFile; fileRef = 6611732CEEBDDB025B20126B /* AppConfiguration.swift */; };
		7F59E7D9603ED5DCB09FC83D /* MainViewController.swift in Sources */ = {isa = PBXBuildFile; fileRef = 22CBEE79D32016B890D59AF6 /* MainViewController.swift */; };
		B8DCD0198292DBAB658A1B9A /* NotificationViewController.swift in Sources */ = {isa = PBXBuildFile; fileRef = 20CCE461630C83F958391AE5 /* NotificationViewController.swift */; };
		C01C0D35CD1FDDFD13219037 /* NotificationService.swift in Sources */ = {isa = PBXBuildFile; fileRef = 25665C7899099D6FEA9562CA /* NotificationService.swift */; };
		C47FA4175F8CA6E0A5684A50 /* WidgetReloader.swift in Sources */ = {isa = PBXBuildFile; fileRef = 6CB32ABF3226123C002D6CE9 /* WidgetReloader.swift */; };
		D1E765200D6A831E3A67A343 /* AppMetricaCore in Frameworks */ = {isa = PBXBuildFile; productRef = AA9F053D473FBCA99221B783 /* AppMetricaCore */; };
		F72BBD1AD483A8B1CFCDF82A /* YPadelNotificationContent.appex in Embed Foundation Extensions */ = {isa = PBXBuildFile; fileRef = 3606E6F2F95EF7609278C112 /* YPadelNotificationContent.appex */; settings = {ATTRIBUTES = (RemoveHeadersOnCopy, ); }; };
/* End PBXBuildFile section */

/* Begin PBXContainerItemProxy section */
		44397EA55E3EE642F7B4C1C6 /* PBXContainerItemProxy */ = {
			isa = PBXContainerItemProxy;
			containerPortal = 51725BE0DC239AD66DD4ECE7 /* Project object */;
			proxyType = 1;
			remoteGlobalIDString = A00A73A225447B7602D8587C;
			remoteInfo = YPadelNotificationContent;
		};
		913C4AC79FFF526726FE13CC /* PBXContainerItemProxy */ = {
			isa = PBXContainerItemProxy;
			containerPortal = 51725BE0DC239AD66DD4ECE7 /* Project object */;
			proxyType = 1;
			remoteGlobalIDString = 0304FA14371D71786091BC82;
			remoteInfo = YPadelNotificationService;
		};
		B0B6B89A823A89A564F40839 /* PBXContainerItemProxy */ = {
			isa = PBXContainerItemProxy;
			containerPortal = 51725BE0DC239AD66DD4ECE7 /* Project object */;
			proxyType = 1;
			remoteGlobalIDString = F7F32DD5FCEBB565E3ED2082;
			remoteInfo = YPadelWidget;
		};
/* End PBXContainerItemProxy section */

/* Begin PBXCopyFilesBuildPhase section */
		C0C3328CC169A087F9A14344 /* Embed Foundation Extensions */ = {
			isa = PBXCopyFilesBuildPhase;
			buildActionMask = 2147483647;
			dstPath = "";
			dstSubfolderSpec = 13;
			files = (
				565AE16A424BBCBE3ACDE01F /* YPadelWidget.appex in Embed Foundation Extensions */,
				2FEAE51295E8FAD73DB1C156 /* YPadelNotificationService.appex in Embed Foundation Extensions */,
				F72BBD1AD483A8B1CFCDF82A /* YPadelNotificationContent.appex in Embed Foundation Extensions */,
			);
			name = "Embed Foundation Extensions";
			runOnlyForDeploymentPostprocessing = 0;
		};
/* End PBXCopyFilesBuildPhase section */

/* Begin PBXFileReference section */
		1C50E6A6DA314F47CFDF8780 /* AppDelegate.swift */ = {isa = PBXFileReference; lastKnownFileType = sourcecode.swift; path = AppDelegate.swift; sourceTree = "<group>"; };
		1D34D38FE0DF15F365A0B91C /* APIClient.swift */ = {isa = PBXFileReference; lastKnownFileType = sourcecode.swift; path = APIClient.swift; sourceTree = "<group>"; };
		209753958760917A8CA8264C /* Info.plist */ = {isa = PBXFileReference; lastKnownFileType = text.plist; path = Info.plist; sourceTree = "<group>"; };
		20CCE461630C83F958391AE5 /* NotificationViewController.swift */ = {isa = PBXFileReference; lastKnownFileType = sourcecode.swift; path = NotificationViewController.swift; sourceTree = "<group>"; };
		22CBEE79D32016B890D59AF6 /* MainViewController.swift */ = {isa = PBXFileReference; lastKnownFileType = sourcecode.swift; path = MainViewController.swift; sourceTree = "<group>"; };
		25665C7899099D6FEA9562CA /* NotificationService.swift */ = {isa = PBXFileReference; lastKnownFileType = sourcecode.swift; path = NotificationService.swift; sourceTree = "<group>"; };
		259E25D9CA44C50F23AD6E74 /* Info.plist */ = {isa = PBXFileReference; lastKnownFileType = text.plist; path = Info.plist; sourceTree = "<group>"; };
		30018C6F95D9B40916F5B1F3 /* Release.xcconfig */ = {isa = PBXFileReference; lastKnownFileType = text.xcconfig; path = Release.xcconfig; sourceTree = "<group>"; };
		3606E6F2F95EF7609278C112 /* YPadelNotificationContent.appex */ = {isa = PBXFileReference; includeInIndex = 0; lastKnownFileType = "wrapper.app-extension"; path = YPadelNotificationContent.appex; sourceTree = BUILT_PRODUCTS_DIR; };
		3EE50388EDC031326557E2C8 /* YPadelWidget.swift */ = {isa = PBXFileReference; lastKnownFileType = sourcecode.swift; path = YPadelWidget.swift; sourceTree = "<group>"; };
		5D6B1829E7DBD4AF554A8072 /* YPadel.app */ = {isa = PBXFileReference; includeInIndex = 0; lastKnownFileType = wrapper.application; path = YPadel.app; sourceTree = BUILT_PRODUCTS_DIR; };
		6611732CEEBDDB025B20126B /* AppConfiguration.swift */ = {isa = PBXFileReference; lastKnownFileType = sourcecode.swift; path = AppConfiguration.swift; sourceTree = "<group>"; };
		6CB32ABF3226123C002D6CE9 /* WidgetReloader.swift */ = {isa = PBXFileReference; lastKnownFileType = sourcecode.swift; path = WidgetReloader.swift; sourceTree = "<group>"; };
		7416E8D9EB07E56111AC49AB /* YPadel.entitlements */ = {isa = PBXFileReference; lastKnownFileType = text.plist.entitlements; path = YPadel.entitlements; sourceTree = "<group>"; };
		7659DDED10E6762CA9FE98D8 /* BluetoothConnector.swift */ = {isa = PBXFileReference; lastKnownFileType = sourcecode.swift; path = BluetoothConnector.swift; sourceTree = "<group>"; };
		7DE5D4C0E63008E269F85F90 /* Debug.xcconfig */ = {isa = PBXFileReference; lastKnownFileType = text.xcconfig; path = Debug.xcconfig; sourceTree = "<group>"; };
		7FA94AF5003C300EE22256BC /* AnalyticsReporter.swift */ = {isa = PBXFileReference; lastKnownFileType = sourcecode.swift; path = AnalyticsReporter.swift; sourceTree = "<group>"; };
		81CF65D3C952EAEE4C98AACF /* YPadelNotificationService.appex */ = {isa = PBXFileReference; includeInIndex = 0; lastKnownFileType = "wrapper.app-extension"; path = YPadelNotificationService.appex; sourceTree = BUILT_PRODUCTS_DIR; };
		AD4E2F08B53F8F9B60A546A3 /* YPadelWidget.entitlements */ = {isa = PBXFileReference; lastKnownFileType = text.plist.entitlements; path = YPadelWidget.entitlements; sourceTree = "<group>"; };
		AE2DB257636AC8B980E17BCC /* Info.plist */ = {isa = PBXFileReference; lastKnownFileType = text.plist; path = Info.plist; sourceTree = "<group>"; };
		B70929413B6A4B2F0F4DB73D /* SceneDelegate.swift */ = {isa = PBXFileReference; lastKnownFileType = sourcecode.swift; path = SceneDelegate.swift; sourceTree = "<group>"; };
		C7DD77FDF0A9C82C5FDB3CAB /* MatchSnapshot.swift */ = {isa = PBXFileReference; lastKnownFileType = sourcecode.swift; path = MatchSnapshot.swift; sourceTree = "<group>"; };
		D7DC23B53C0B974E4DD9EE0A /* Info.plist */ = {isa = PBXFileReference; lastKnownFileType = text.plist; path = Info.plist; sourceTree = "<group>"; };
		FC4A4DD298B2C5E7FEF3A242 /* YPadelWidget.appex */ = {isa = PBXFileReference; includeInIndex = 0; lastKnownFileType = "wrapper.app-extension"; path = YPadelWidget.appex; sourceTree = BUILT_PRODUCTS_DIR; };
/* End PBXFileReference section */

/* Begin PBXFrameworksBuildPhase section */
		2638FF3005F3B7CE7D3785B6 /* Frameworks */ = {
			isa = PBXFrameworksBuildPhase;
			buildActionMask = 2147483647;
			files = (
				D1E765200D6A831E3A67A343 /* AppMetricaCore in Frameworks */,
				68CDD9F201F1313166366616 /* AppMetricaAdSupport in Frameworks */,
			);
			runOnlyForDeploymentPostprocessing = 0;
		};
/* End PBXFrameworksBuildPhase section */

/* Begin PBXGroup section */
		0609F8FE2B67FF7B724CCDDB /* Config */ = {
			isa = PBXGroup;
			children = (
				7DE5D4C0E63008E269F85F90 /* Debug.xcconfig */,
				30018C6F95D9B40916F5B1F3 /* Release.xcconfig */,
			);
			path = Config;
			sourceTree = "<group>";
		};
		616BD576BB29DB267CCFAA12 /* Products */ = {
			isa = PBXGroup;
			children = (
				5D6B1829E7DBD4AF554A8072 /* YPadel.app */,
				3606E6F2F95EF7609278C112 /* YPadelNotificationContent.appex */,
				81CF65D3C952EAEE4C98AACF /* YPadelNotificationService.appex */,
				FC4A4DD298B2C5E7FEF3A242 /* YPadelWidget.appex */,
			);
			name = Products;
			sourceTree = "<group>";
		};
		764308D0E41C026723EAC171 /* Widget */ = {
			isa = PBXGroup;
			children = (
				AE2DB257636AC8B980E17BCC /* Info.plist */,
				AD4E2F08B53F8F9B60A546A3 /* YPadelWidget.entitlements */,
				3EE50388EDC031326557E2C8 /* YPadelWidget.swift */,
			);
			path = Widget;
			sourceTree = "<group>";
		};
		80DD27816E4D639041A6D5A4 /* NotificationContent */ = {
			isa = PBXGroup;
			children = (
				259E25D9CA44C50F23AD6E74 /* Info.plist */,
				20CCE461630C83F958391AE5 /* NotificationViewController.swift */,
			);
			path = NotificationContent;
			sourceTree = "<group>";
		};
		91AC199DE1AF45192355F322 /* Shared */ = {
			isa = PBXGroup;
			children = (
				C7DD77FDF0A9C82C5FDB3CAB /* MatchSnapshot.swift */,
			);
			path = Shared;
			sourceTree = "<group>";
		};
		D65987C173F422160905C2B1 = {
			isa = PBXGroup;
			children = (
				E8AF45C8F2A59B7ED8342C9F /* App */,
				0609F8FE2B67FF7B724CCDDB /* Config */,
				80DD27816E4D639041A6D5A4 /* NotificationContent */,
				ED7E0C8CEA13998706B54A70 /* NotificationService */,
				91AC199DE1AF45192355F322 /* Shared */,
				764308D0E41C026723EAC171 /* Widget */,
				616BD576BB29DB267CCFAA12 /* Products */,
			);
			sourceTree = "<group>";
		};
		E8AF45C8F2A59B7ED8342C9F /* App */ = {
			isa = PBXGroup;
			children = (
				7FA94AF5003C300EE22256BC /* AnalyticsReporter.swift */,
				1D34D38FE0DF15F365A0B91C /* APIClient.swift */,
				6611732CEEBDDB025B20126B /* AppConfiguration.swift */,
				1C50E6A6DA314F47CFDF8780 /* AppDelegate.swift */,
				7659DDED10E6762CA9FE98D8 /* BluetoothConnector.swift */,
				D7DC23B53C0B974E4DD9EE0A /* Info.plist */,
				22CBEE79D32016B890D59AF6 /* MainViewController.swift */,
				B70929413B6A4B2F0F4DB73D /* SceneDelegate.swift */,
				6CB32ABF3226123C002D6CE9 /* WidgetReloader.swift */,
				7416E8D9EB07E56111AC49AB /* YPadel.entitlements */,
			);
			path = App;
			sourceTree = "<group>";
		};
		ED7E0C8CEA13998706B54A70 /* NotificationService */ = {
			isa = PBXGroup;
			children = (
				209753958760917A8CA8264C /* Info.plist */,
				25665C7899099D6FEA9562CA /* NotificationService.swift */,
			);
			path = NotificationService;
			sourceTree = "<group>";
		};
/* End PBXGroup section */

/* Begin PBXNativeTarget section */
		0304FA14371D71786091BC82 /* YPadelNotificationService */ = {
			isa = PBXNativeTarget;
			buildConfigurationList = 630D609ABDB81DDF81D50F11 /* Build configuration list for PBXNativeTarget "YPadelNotificationService" */;
			buildPhases = (
				D96C96EFAC81B13B2677E4FB /* Sources */,
			);
			buildRules = (
			);
			dependencies = (
			);
			name = YPadelNotificationService;
			productName = YPadelNotificationService;
			productReference = 81CF65D3C952EAEE4C98AACF /* YPadelNotificationService.appex */;
			productType = "com.apple.product-type.app-extension";
		};
		30DB3A9B8FC056341175F252 /* YPadel */ = {
			isa = PBXNativeTarget;
			buildConfigurationList = 9FCFAFC13396CBDE78AB88CA /* Build configuration list for PBXNativeTarget "YPadel" */;
			buildPhases = (
				B2CE450B55E54FEE520B16CE /* Sources */,
				2638FF3005F3B7CE7D3785B6 /* Frameworks */,
				C0C3328CC169A087F9A14344 /* Embed Foundation Extensions */,
			);
			buildRules = (
			);
			dependencies = (
				CD6E398BBD7B16FDAC4DAE72 /* PBXTargetDependency */,
				629988623549FD4C88AE18FE /* PBXTargetDependency */,
				49FB08270E70F42030C49997 /* PBXTargetDependency */,
			);
			name = YPadel;
			packageProductDependencies = (
				AA9F053D473FBCA99221B783 /* AppMetricaCore */,
				F12FDD153E418EDC2609AB29 /* AppMetricaAdSupport */,
			);
			productName = YPadel;
			productReference = 5D6B1829E7DBD4AF554A8072 /* YPadel.app */;
			productType = "com.apple.product-type.application";
		};
		A00A73A225447B7602D8587C /* YPadelNotificationContent */ = {
			isa = PBXNativeTarget;
			buildConfigurationList = CF236D12E35FE37784F32FD6 /* Build configuration list for PBXNativeTarget "YPadelNotificationContent" */;
			buildPhases = (
				0AB95EE5880E2707AC8650D8 /* Sources */,
			);
			buildRules = (
			);
			dependencies = (
			);
			name = YPadelNotificationContent;
			productName = YPadelNotificationContent;
			productReference = 3606E6F2F95EF7609278C112 /* YPadelNotificationContent.appex */;
			productType = "com.apple.product-type.app-extension";
		};
		F7F32DD5FCEBB565E3ED2082 /* YPadelWidget */ = {
			isa = PBXNativeTarget;
			buildConfigurationList = BA5D8B839D52A61CB4A64C33 /* Build configuration list for PBXNativeTarget "YPadelWidget" */;
			buildPhases = (
				640666DFB3236BE4B9AE8415 /* Sources */,
			);
			buildRules = (
			);
			dependencies = (
			);
			name = YPadelWidget;
			productName = YPadelWidget;
			productReference = FC4A4DD298B2C5E7FEF3A242 /* YPadelWidget.appex */;
			productType = "com.apple.product-type.app-extension";
		};
/* End PBXNativeTarget section */

/* Begin PBXProject section */
		51725BE0DC239AD66DD4ECE7 /* Project object */ = {
			isa = PBXProject;
			attributes = {
				BuildIndependentTargetsInParallel = YES;
				LastUpgradeCheck = 1430;
				TargetAttributes = {
					0304FA14371D71786091BC82 = {
						DevelopmentTeam = "";
						ProvisioningStyle = Automatic;
					};
					30DB3A9B8FC056341175F252 = {
						DevelopmentTeam = "";
						ProvisioningStyle = Automatic;
					};
					A00A73A225447B7602D8587C = {
						DevelopmentTeam = "";
						ProvisioningStyle = Automatic;
					};
					F7F32DD5FCEBB565E3ED2082 = {
						DevelopmentTeam = "";
						ProvisioningStyle = Automatic;
					};
				};
			};
			buildConfigurationList = 99D8E317889FFDD321E87920 /* Build configuration list for PBXProject "YPadel" */;
			compatibilityVersion = "Xcode 14.0";
			developmentRegion = en;
			hasScannedForEncodings = 0;
			knownRegions = (
				Base,
				en,
			);
			mainGroup = D65987C173F422160905C2B1;
			packageReferences = (
				30CA1EC90687BC7584D08FA1 /* XCRemoteSwiftPackageReference "appmetrica-sdk-ios" */,
			);
			projectDirPath = "";
			projectRoot = "";
			targets = (
				30DB3A9B8FC056341175F252 /* YPadel */,
				A00A73A225447B7602D8587C /* YPadelNotificationContent */,
				0304FA14371D71786091BC82 /* YPadelNotificationService */,
				F7F32DD5FCEBB565E3ED2082 /* YPadelWidget */,
			);
		};
/* End PBXProject section */

/* Begin PBXSourcesBuildPhase section */
		0AB95EE5880E2707AC8650D8 /* Sources */ = {
			isa = PBXSourcesBuildPhase;
			buildActionMask = 2147483647;
			files = (
				B8DCD0198292DBAB658A1B9A /* NotificationViewController.swift in Sources */,
			);
			runOnlyForDeploymentPostprocessing = 0;
		};
		640666DFB3236BE4B9AE8415 /* Sources */ = {
			isa = PBXSourcesBuildPhase;
			buildActionMask = 2147483647;
			files = (
				095BDD55174D645B62363C4E /* MatchSnapshot.swift in Sources */,
				4C128A9B6D31B823DC887C67 /* YPadelWidget.swift in Sources */,
			);
			runOnlyForDeploymentPostprocessing = 0;
		};
		B2CE450B55E54FEE520B16CE /* Sources */ = {
			isa = PBXSourcesBuildPhase;
			buildActionMask = 2147483647;
			files = (
				2982F3D3A8B9D5A85864C0B2 /* APIClient.swift in Sources */,
				21B0F3E2EBC58D89143A2676 /* AnalyticsReporter.swift in Sources */,
				6A5AD2ABBE7E25B292ED2CD8 /* AppConfiguration.swift in Sources */,
				57FBB217EBEDD6620740FBE0 /* AppDelegate.swift in Sources */,
				41B91B585A0425E3E403D705 /* BluetoothConnector.swift in Sources */,
				7F59E7D9603ED5DCB09FC83D /* MainViewController.swift in Sources */,
				360E5A39E040AF53F1BD0324 /* MatchSnapshot.swift in Sources */,
				275AF04DFA0A4F6C7AA653B0 /* SceneDelegate.swift in Sources */,
				C47FA4175F8CA6E0A5684A50 /* WidgetReloader.swift in Sources */,
			);
			runOnlyForDeploymentPostprocessing = 0;
		};
		D96C96EFAC81B13B2677E4FB /* Sources */ = {
			isa = PBXSourcesBuildPhase;
			buildActionMask = 2147483647;
			files = (
				C01C0D35CD1FDDFD13219037 /* NotificationService.swift in Sources */,
			);
			runOnlyForDeploymentPostprocessing = 0;
		};
/* End PBXSourcesBuildPhase section */

/* Begin PBXTargetDependency section */
		49FB08270E70F42030C49997 /* PBXTargetDependency */ = {
			isa = PBXTargetDependency;
			target = A00A73A225447B7602D8587C /* YPadelNotificationContent */;
			targetProxy = 44397EA55E3EE642F7B4C1C6 /* PBXContainerItemProxy */;
		};
		629988623549FD4C88AE18FE /* PBXTargetDependency */ = {
			isa = PBXTargetDependency;
			target = 0304FA14371D71786091BC82 /* YPadelNotificationService */;
			targetProxy = 913C4AC79FFF526726FE13CC /* PBXContainerItemProxy */;
		};
		CD6E398BBD7B16FDAC4DAE72 /* PBXTargetDependency */ = {
			isa = PBXTargetDependency;
			target = F7F32DD5FCEBB565E3ED2082 /* YPadelWidget */;
			targetProxy = B0B6B89A823A89A564F40839 /* PBXContainerItemProxy */;
		};
/* End PBXTargetDependency section */

/* Begin XCBuildConfiguration section */
		4FC010A5098FF56028B87B1E /* Release */ = {
			isa = XCBuildConfiguration;
			baseConfigurationReference = 30018C6F95D9B40916F5B1F3 /* Release.xcconfig */;
			buildSettings = {
				APPLICATION_EXTENSION_API_ONLY = YES;
				GENERATE_INFOPLIST_FILE = NO;
				INFOPLIST_FILE = NotificationContent/Info.plist;
				IPHONEOS_DEPLOYMENT_TARGET = 15.0;
				LD_RUNPATH_SEARCH_PATHS = (
					"$(inherited)",
					"@executable_path/Frameworks",
					"@executable_path/../../Frameworks",
				);
				PRODUCT_BUNDLE_IDENTIFIER = "$(NOTIFICATION_CONTENT_BUNDLE_IDENTIFIER)";
				PRODUCT_NAME = YPadelNotificationContent;
				SDKROOT = iphoneos;
				SKIP_INSTALL = YES;
				TARGETED_DEVICE_FAMILY = 1;
			};
			name = Release;
		};
		50423CCCC0A44F8EA7735650 /* Release */ = {
			isa = XCBuildConfiguration;
			baseConfigurationReference = 30018C6F95D9B40916F5B1F3 /* Release.xcconfig */;
			buildSettings = {
				ASSETCATALOG_COMPILER_APPICON_NAME = AppIcon;
				CODE_SIGN_ENTITLEMENTS = App/YPadel.entitlements;
				CODE_SIGN_IDENTITY = "iPhone Developer";
				GENERATE_INFOPLIST_FILE = NO;
				INFOPLIST_FILE = App/Info.plist;
				IPHONEOS_DEPLOYMENT_TARGET = 15.0;
				LD_RUNPATH_SEARCH_PATHS = (
					"$(inherited)",
					"@executable_path/Frameworks",
				);
				PRODUCT_BUNDLE_IDENTIFIER = "$(APP_BUNDLE_IDENTIFIER)";
				PRODUCT_NAME = YPadel;
				SDKROOT = iphoneos;
				TARGETED_DEVICE_FAMILY = 1;
			};
			name = Release;
		};
		57E502346F20EC6F4614E66B /* Release */ = {
			isa = XCBuildConfiguration;
			buildSettings = {
				ALWAYS_SEARCH_USER_PATHS = NO;
				CLANG_ANALYZER_NONNULL = YES;
				CLANG_ANALYZER_NUMBER_OBJECT_CONVERSION = YES_AGGRESSIVE;
				CLANG_CXX_LANGUAGE_STANDARD = "gnu++14";
				CLANG_CXX_LIBRARY = "libc++";
				CLANG_ENABLE_MODULES = YES;
				CLANG_ENABLE_OBJC_ARC = YES;
				CLANG_ENABLE_OBJC_WEAK = YES;
				CLANG_WARN_BLOCK_CAPTURE_AUTORELEASING = YES;
				CLANG_WARN_BOOL_CONVERSION = YES;
				CLANG_WARN_COMMA = YES;
				CLANG_WARN_CONSTANT_CONVERSION = YES;
				CLANG_WARN_DEPRECATED_OBJC_IMPLEMENTATIONS = YES;
				CLANG_WARN_DIRECT_OBJC_ISA_USAGE = YES_ERROR;
				CLANG_WARN_DOCUMENTATION_COMMENTS = YES;
				CLANG_WARN_EMPTY_BODY = YES;
				CLANG_WARN_ENUM_CONVERSION = YES;
				CLANG_WARN_INFINITE_RECURSION = YES;
				CLANG_WARN_INT_CONVERSION = YES;
				CLANG_WARN_NON_LITERAL_NULL_CONVERSION = YES;
				CLANG_WARN_OBJC_IMPLICIT_RETAIN_SELF = YES;
				CLANG_WARN_OBJC_LITERAL_CONVERSION = YES;
				CLANG_WARN_OBJC_ROOT_CLASS = YES_ERROR;
				CLANG_WARN_QUOTED_INCLUDE_IN_FRAMEWORK_HEADER = YES;
				CLANG_WARN_RANGE_LOOP_ANALYSIS = YES;
				CLANG_WARN_STRICT_PROTOTYPES = YES;
				CLANG_WARN_SUSPICIOUS_MOVE = YES;
				CLANG_WARN_UNGUARDED_AVAILABILITY = YES_AGGRESSIVE;
				CLANG_WARN_UNREACHABLE_CODE = YES;
				CLANG_WARN__DUPLICATE_METHOD_MATCH = YES;
				CODE_SIGN_STYLE = Automatic;
				COPY_PHASE_STRIP = NO;
				CURRENT_PROJECT_VERSION = 1;
				DEBUG_INFORMATION_FORMAT = "dwarf-with-dsym";
				DEVELOPMENT_TEAM = "";
				ENABLE_NS_ASSERTIONS = NO;
				ENABLE_STRICT_OBJC_MSGSEND = YES;
				ENABLE_USER_SCRIPT_SANDBOXING = YES;
				GCC_C_LANGUAGE_STANDARD = gnu11;
				GCC_NO_COMMON_BLOCKS = YES;
				GCC_WARN_64_TO_32_BIT_CONVERSION = YES;
				GCC_WARN_ABOUT_RETURN_TYPE = YES_ERROR;
				GCC_WARN_UNDECLARED_SELECTOR = YES;
				GCC_WARN_UNINITIALIZED_AUTOS = YES_AGGRESSIVE;
				GCC_WARN_UNUSED_FUNCTION = YES;
				GCC_WARN_UNUSED_VARIABLE = YES;
				IPHONEOS_DEPLOYMENT_TARGET = 15.0;
				MARKETING_VERSION = 1.0;
				MTL_ENABLE_DEBUG_INFO = NO;
				MTL_FAST_MATH = YES;
				OTHER_LDFLAGS = "$(inherited) -ObjC";
				PRODUCT_NAME = "$(TARGET_NAME)";
				SDKROOT = iphoneos;
				SUPPORTED_PLATFORMS = "iphoneos iphonesimulator";
				SUPPORTS_MACCATALYST = NO;
				SUPPORTS_MAC_DESIGNED_FOR_IPHONE_IPAD = NO;
				SUPPORTS_XR_DESIGNED_FOR_IPHONE_IPAD = NO;
				SWIFT_COMPILATION_MODE = wholemodule;
				SWIFT_OPTIMIZATION_LEVEL = "-O";
				SWIFT_VERSION = 5.0;
				TARGETED_DEVICE_FAMILY = 1;
			};
			name = Release;
		};
		5901DDDAC6C723D65A86F270 /* Debug */ = {
			isa = XCBuildConfiguration;
			buildSettings = {
				ALWAYS_SEARCH_USER_PATHS = NO;
				CLANG_ANALYZER_NONNULL = YES;
				CLANG_ANALYZER_NUMBER_OBJECT_CONVERSION = YES_AGGRESSIVE;
				CLANG_CXX_LANGUAGE_STANDARD = "gnu++14";
				CLANG_CXX_LIBRARY = "libc++";
				CLANG_ENABLE_MODULES = YES;
				CLANG_ENABLE_OBJC_ARC = YES;
				CLANG_ENABLE_OBJC_WEAK = YES;
				CLANG_WARN_BLOCK_CAPTURE_AUTORELEASING = YES;
				CLANG_WARN_BOOL_CONVERSION = YES;
				CLANG_WARN_COMMA = YES;
				CLANG_WARN_CONSTANT_CONVERSION = YES;
				CLANG_WARN_DEPRECATED_OBJC_IMPLEMENTATIONS = YES;
				CLANG_WARN_DIRECT_OBJC_ISA_USAGE = YES_ERROR;
				CLANG_WARN_DOCUMENTATION_COMMENTS = YES;
				CLANG_WARN_EMPTY_BODY = YES;
				CLANG_WARN_ENUM_CONVERSION = YES;
				CLANG_WARN_INFINITE_RECURSION = YES;
				CLANG_WARN_INT_CONVERSION = YES;
				CLANG_WARN_NON_LITERAL_NULL_CONVERSION = YES;
				CLANG_WARN_OBJC_IMPLICIT_RETAIN_SELF = YES;
				CLANG_WARN_OBJC_LITERAL_CONVERSION = YES;
				CLANG_WARN_OBJC_ROOT_CLASS = YES_ERROR;
				CLANG_WARN_QUOTED_INCLUDE_IN_FRAMEWORK_HEADER = YES;
				CLANG_WARN_RANGE_LOOP_ANALYSIS = YES;
				CLANG_WARN_STRICT_PROTOTYPES = YES;
				CLANG_WARN_SUSPICIOUS_MOVE = YES;
				CLANG_WARN_UNGUARDED_AVAILABILITY = YES_AGGRESSIVE;
				CLANG_WARN_UNREACHABLE_CODE = YES;
				CLANG_WARN__DUPLICATE_METHOD_MATCH = YES;
				CODE_SIGN_STYLE = Automatic;
				COPY_PHASE_STRIP = NO;
				CURRENT_PROJECT_VERSION = 1;
				DEBUG_INFORMATION_FORMAT = dwarf;
				DEVELOPMENT_TEAM = "";
				ENABLE_STRICT_OBJC_MSGSEND = YES;
				ENABLE_TESTABILITY = YES;
				ENABLE_USER_SCRIPT_SANDBOXING = YES;
				GCC_C_LANGUAGE_STANDARD = gnu11;
				GCC_DYNAMIC_NO_PIC = NO;
				GCC_NO_COMMON_BLOCKS = YES;
				GCC_OPTIMIZATION_LEVEL = 0;
				GCC_PREPROCESSOR_DEFINITIONS = (
					"$(inherited)",
					"DEBUG=1",
				);
				GCC_WARN_64_TO_32_BIT_CONVERSION = YES;
				GCC_WARN_ABOUT_RETURN_TYPE = YES_ERROR;
				GCC_WARN_UNDECLARED_SELECTOR = YES;
				GCC_WARN_UNINITIALIZED_AUTOS = YES_AGGRESSIVE;
				GCC_WARN_UNUSED_FUNCTION = YES;
				GCC_WARN_UNUSED_VARIABLE = YES;
				IPHONEOS_DEPLOYMENT_TARGET = 15.0;
				MARKETING_VERSION = 1.0;
				MTL_ENABLE_DEBUG_INFO = INCLUDE_SOURCE;
				MTL_FAST_MATH = YES;
				ONLY_ACTIVE_ARCH = YES;
				OTHER_LDFLAGS = "$(inherited) -ObjC";
				PRODUCT_NAME = "$(TARGET_NAME)";
				SDKROOT = iphoneos;
				SUPPORTED_PLATFORMS = "iphoneos iphonesimulator";
				SUPPORTS_MACCATALYST = NO;
				SUPPORTS_MAC_DESIGNED_FOR_IPHONE_IPAD = NO;
				SUPPORTS_XR_DESIGNED_FOR_IPHONE_IPAD = NO;
				SWIFT_ACTIVE_COMPILATION_CONDITIONS = DEBUG;
				SWIFT_OPTIMIZATION_LEVEL = "-Onone";
				SWIFT_VERSION = 5.0;
				TARGETED_DEVICE_FAMILY = 1;
			};
			name = Debug;
		};
		6FFD315038689A38CE19C9FA /* Debug */ = {
			isa = XCBuildConfiguration;
			baseConfigurationReference = 7DE5D4C0E63008E269F85F90 /* Debug.xcconfig */;
			buildSettings = {
				APPLICATION_EXTENSION_API_ONLY = YES;
				GENERATE_INFOPLIST_FILE = NO;
				INFOPLIST_FILE = NotificationContent/Info.plist;
				IPHONEOS_DEPLOYMENT_TARGET = 15.0;
				LD_RUNPATH_SEARCH_PATHS = (
					"$(inherited)",
					"@executable_path/Frameworks",
					"@executable_path/../../Frameworks",
				);
				PRODUCT_BUNDLE_IDENTIFIER = "$(NOTIFICATION_CONTENT_BUNDLE_IDENTIFIER)";
				PRODUCT_NAME = YPadelNotificationContent;
				SDKROOT = iphoneos;
				SKIP_INSTALL = YES;
				TARGETED_DEVICE_FAMILY = 1;
			};
			name = Debug;
		};
		73DC2355C5950AAE99960ADA /* Debug */ = {
			isa = XCBuildConfiguration;
			baseConfigurationReference = 7DE5D4C0E63008E269F85F90 /* Debug.xcconfig */;
			buildSettings = {
				ASSETCATALOG_COMPILER_APPICON_NAME = AppIcon;
				CODE_SIGN_ENTITLEMENTS = App/YPadel.entitlements;
				CODE_SIGN_IDENTITY = "iPhone Developer";
				GENERATE_INFOPLIST_FILE = NO;
				INFOPLIST_FILE = App/Info.plist;
				IPHONEOS_DEPLOYMENT_TARGET = 15.0;
				LD_RUNPATH_SEARCH_PATHS = (
					"$(inherited)",
					"@executable_path/Frameworks",
				);
				PRODUCT_BUNDLE_IDENTIFIER = "$(APP_BUNDLE_IDENTIFIER)";
				PRODUCT_NAME = YPadel;
				SDKROOT = iphoneos;
				TARGETED_DEVICE_FAMILY = 1;
			};
			name = Debug;
		};
		822A24CC3B01AEDA09C1A60A /* Debug */ = {
			isa = XCBuildConfiguration;
			baseConfigurationReference = 7DE5D4C0E63008E269F85F90 /* Debug.xcconfig */;
			buildSettings = {
				APPLICATION_EXTENSION_API_ONLY = YES;
				GENERATE_INFOPLIST_FILE = NO;
				INFOPLIST_FILE = NotificationService/Info.plist;
				IPHONEOS_DEPLOYMENT_TARGET = 15.0;
				LD_RUNPATH_SEARCH_PATHS = (
					"$(inherited)",
					"@executable_path/Frameworks",
					"@executable_path/../../Frameworks",
				);
				PRODUCT_BUNDLE_IDENTIFIER = "$(NOTIFICATION_SERVICE_BUNDLE_IDENTIFIER)";
				PRODUCT_NAME = YPadelNotificationService;
				SDKROOT = iphoneos;
				SKIP_INSTALL = YES;
				TARGETED_DEVICE_FAMILY = 1;
			};
			name = Debug;
		};
		9137A983B04BEACA83966628 /* Release */ = {
			isa = XCBuildConfiguration;
			baseConfigurationReference = 30018C6F95D9B40916F5B1F3 /* Release.xcconfig */;
			buildSettings = {
				APPLICATION_EXTENSION_API_ONLY = YES;
				GENERATE_INFOPLIST_FILE = NO;
				INFOPLIST_FILE = NotificationService/Info.plist;
				IPHONEOS_DEPLOYMENT_TARGET = 15.0;
				LD_RUNPATH_SEARCH_PATHS = (
					"$(inherited)",
					"@executable_path/Frameworks",
					"@executable_path/../../Frameworks",
				);
				PRODUCT_BUNDLE_IDENTIFIER = "$(NOTIFICATION_SERVICE_BUNDLE_IDENTIFIER)";
				PRODUCT_NAME = YPadelNotificationService;
				SDKROOT = iphoneos;
				SKIP_INSTALL = YES;
				TARGETED_DEVICE_FAMILY = 1;
			};
			name = Release;
		};
		A1F3799D41D0187D66ACFFEC /* Release */ = {
			isa = XCBuildConfiguration;
			baseConfigurationReference = 30018C6F95D9B40916F5B1F3 /* Release.xcconfig */;
			buildSettings = {
				APPLICATION_EXTENSION_API_ONLY = YES;
				CODE_SIGN_ENTITLEMENTS = Widget/YPadelWidget.entitlements;
				GENERATE_INFOPLIST_FILE = NO;
				INFOPLIST_FILE = Widget/Info.plist;
				IPHONEOS_DEPLOYMENT_TARGET = 16.0;
				LD_RUNPATH_SEARCH_PATHS = (
					"$(inherited)",
					"@executable_path/Frameworks",
					"@executable_path/../../Frameworks",
				);
				PRODUCT_BUNDLE_IDENTIFIER = "$(WIDGET_BUNDLE_IDENTIFIER)";
				PRODUCT_NAME = YPadelWidget;
				SDKROOT = iphoneos;
				SKIP_INSTALL = YES;
				TARGETED_DEVICE_FAMILY = 1;
			};
			name = Release;
		};
		E5801B715DBC26FB2D48006F /* Debug */ = {
			isa = XCBuildConfiguration;
			baseConfigurationReference = 7DE5D4C0E63008E269F85F90 /* Debug.xcconfig */;
			buildSettings = {
				APPLICATION_EXTENSION_API_ONLY = YES;
				CODE_SIGN_ENTITLEMENTS = Widget/YPadelWidget.entitlements;
				GENERATE_INFOPLIST_FILE = NO;
				INFOPLIST_FILE = Widget/Info.plist;
				IPHONEOS_DEPLOYMENT_TARGET = 16.0;
				LD_RUNPATH_SEARCH_PATHS = (
					"$(inherited)",
					"@executable_path/Frameworks",
					"@executable_path/../../Frameworks",
				);
				PRODUCT_BUNDLE_IDENTIFIER = "$(WIDGET_BUNDLE_IDENTIFIER)";
				PRODUCT_NAME = YPadelWidget;
				SDKROOT = iphoneos;
				SKIP_INSTALL = YES;
				TARGETED_DEVICE_FAMILY = 1;
			};
			name = Debug;
		};
/* End XCBuildConfiguration section */

/* Begin XCConfigurationList section */
		630D609ABDB81DDF81D50F11 /* Build configuration list for PBXNativeTarget "YPadelNotificationService" */ = {
			isa = XCConfigurationList;
			buildConfigurations = (
				822A24CC3B01AEDA09C1A60A /* Debug */,
				9137A983B04BEACA83966628 /* Release */,
			);
			defaultConfigurationIsVisible = 0;
			defaultConfigurationName = Debug;
		};
		99D8E317889FFDD321E87920 /* Build configuration list for PBXProject "YPadel" */ = {
			isa = XCConfigurationList;
			buildConfigurations = (
				5901DDDAC6C723D65A86F270 /* Debug */,
				57E502346F20EC6F4614E66B /* Release */,
			);
			defaultConfigurationIsVisible = 0;
			defaultConfigurationName = Debug;
		};
		9FCFAFC13396CBDE78AB88CA /* Build configuration list for PBXNativeTarget "YPadel" */ = {
			isa = XCConfigurationList;
			buildConfigurations = (
				73DC2355C5950AAE99960ADA /* Debug */,
				50423CCCC0A44F8EA7735650 /* Release */,
			);
			defaultConfigurationIsVisible = 0;
			defaultConfigurationName = Debug;
		};
		BA5D8B839D52A61CB4A64C33 /* Build configuration list for PBXNativeTarget "YPadelWidget" */ = {
			isa = XCConfigurationList;
			buildConfigurations = (
				E5801B715DBC26FB2D48006F /* Debug */,
				A1F3799D41D0187D66ACFFEC /* Release */,
			);
			defaultConfigurationIsVisible = 0;
			defaultConfigurationName = Debug;
		};
		CF236D12E35FE37784F32FD6 /* Build configuration list for PBXNativeTarget "YPadelNotificationContent" */ = {
			isa = XCConfigurationList;
			buildConfigurations = (
				6FFD315038689A38CE19C9FA /* Debug */,
				4FC010A5098FF56028B87B1E /* Release */,
			);
			defaultConfigurationIsVisible = 0;
			defaultConfigurationName = Debug;
		};
/* End XCConfigurationList section */

/* Begin XCRemoteSwiftPackageReference section */
		30CA1EC90687BC7584D08FA1 /* XCRemoteSwiftPackageReference "appmetrica-sdk-ios" */ = {
			isa = XCRemoteSwiftPackageReference;
			repositoryURL = "https://github.com/appmetrica/appmetrica-sdk-ios";
			requirement = {
				kind = upToNextMajorVersion;
				minimumVersion = 6.5.0;
			};
		};
/* End XCRemoteSwiftPackageReference section */

/* Begin XCSwiftPackageProductDependency section */
		AA9F053D473FBCA99221B783 /* AppMetricaCore */ = {
			isa = XCSwiftPackageProductDependency;
			package = 30CA1EC90687BC7584D08FA1 /* XCRemoteSwiftPackageReference "appmetrica-sdk-ios" */;
			productName = AppMetricaCore;
		};
		F12FDD153E418EDC2609AB29 /* AppMetricaAdSupport */ = {
			isa = XCSwiftPackageProductDependency;
			package = 30CA1EC90687BC7584D08FA1 /* XCRemoteSwiftPackageReference "appmetrica-sdk-ios" */;
			productName = AppMetricaAdSupport;
		};
/* End XCSwiftPackageProductDependency section */
	};
	rootObject = 51725BE0DC239AD66DD4ECE7 /* Project object */;
}
